
Microsoft Visual Studio Solution File, Format Version 12.00
Project("{FAE04EC0-301F-11D3-BF4B-00C04F79EFBC}") = "Dhukuti_E-commerce_Api", "Dhukuti_E-commerce_Api.csproj", "{2252287F-B9D2-4093-A3A0-43306EB5968D}"
EndProject
Global
	GlobalSection(SolutionConfigurationPlatforms) = preSolution
		Debug|Any CPU = Debug|Any CPU
		Release|Any CPU = Release|Any CPU
	EndGlobalSection
	GlobalSection(ProjectConfigurationPlatforms) = postSolution
		{2252287F-B9D2-4093-A3A0-43306EB5968D}.Debug|Any CPU.ActiveCfg = Debug|Any CPU
		{2252287F-B9D2-4093-A3A0-43306EB5968D}.Debug|Any CPU.Build.0 = Debug|Any CPU
		{2252287F-B9D2-4093-A3A0-43306EB5968D}.Release|Any CPU.ActiveCfg = Release|Any CPU
		{2252287F-B9D2-4093-A3A0-43306EB5968D}.Release|Any CPU.Build.0 = Release|Any CPU
	EndGlobalSection
EndGlobal
